
Microsoft Visual Studio Solution File, Format Version 12.00
# Visual Studio Version 17
VisualStudioVersion = 17.0.32112.339
MinimumVisualStudioVersion = 10.0.40219.1
Project("{FAE04EC0-301F-11D3-BF4B-00C04F79EFBC}") = "WhiskeyAndDucks", "WhiskeyAndDucks\WhiskeyAndDucks.csproj", "{3D13A39C-45B0-4AC6-8A64-56539604C3CF}"
EndProject
Global
	GlobalSection(SolutionConfigurationPlatforms) = preSolution
		Debug|Any CPU = Debug|Any CPU
		Release|Any CPU = Release|Any CPU
	EndGlobalSection
	GlobalSection(ProjectConfigurationPlatforms) = postSolution
		{3D13A39C-45B0-4AC6-8A64-56539604C3CF}.Debug|Any CPU.ActiveCfg = Debug|Any CPU
		{3D13A39C-45B0-4AC6-8A64-56539604C3CF}.Debug|Any CPU.Build.0 = Debug|Any CPU
		{3D13A39C-45B0-4AC6-8A64-56539604C3CF}.Release|Any CPU.ActiveCfg = Release|Any CPU
		{3D13A39C-45B0-4AC6-8A64-56539604C3CF}.Release|Any CPU.Build.0 = Release|Any CPU
	EndGlobalSection
	GlobalSection(SolutionProperties) = preSolution
		HideSolutionNode = FALSE
	EndGlobalSection
	GlobalSection(ExtensibilityGlobals) = postSolution
		SolutionGuid = {B02E2647-78A1-470E-8773-E2B57416E9EE}
	EndGlobalSection
EndGlobal
